
Microsoft Visual Studio Solution File, Format Version 12.00
# Visual Studio Version 16
VisualStudioVersion = 16.0.30406.217
MinimumVisualStudioVersion = 10.0.40219.1
Project("{FAE04EC0-301F-11D3-BF4B-00C04F79EFBC}") = "AplikasiLatihanTiga.3", "AplikasiLatihanTiga.3\AplikasiLatihanTiga.3.csproj", "{122C1F33-7E22-4E87-991E-AE7753C28AB0}"
EndProject
Global
	GlobalSection(SolutionConfigurationPlatforms) = preSolution
		Debug|Any CPU = Debug|Any CPU
		Release|Any CPU = Release|Any CPU
	EndGlobalSection
	GlobalSection(ProjectConfigurationPlatforms) = postSolution
		{122C1F33-7E22-4E87-991E-AE7753C28AB0}.Debug|Any CPU.ActiveCfg = Debug|Any CPU
		{122C1F33-7E22-4E87-991E-AE7753C28AB0}.Debug|Any CPU.Build.0 = Debug|Any CPU
		{122C1F33-7E22-4E87-991E-AE7753C28AB0}.Release|Any CPU.ActiveCfg = Release|Any CPU
		{122C1F33-7E22-4E87-991E-AE7753C28AB0}.Release|Any CPU.Build.0 = Release|Any CPU
	EndGlobalSection
	GlobalSection(SolutionProperties) = preSolution
		HideSolutionNode = FALSE
	EndGlobalSection
	GlobalSection(ExtensibilityGlobals) = postSolution
		SolutionGuid = {6B08D2D4-6449-4D92-A2EB-0035394454D9}
	EndGlobalSection
EndGlobal
