
Microsoft Visual Studio Solution File, Format Version 12.00
# Visual Studio Version 16
VisualStudioVersion = 16.0.30406.217
MinimumVisualStudioVersion = 10.0.40219.1
Project("{FAE04EC0-301F-11D3-BF4B-00C04F79EFBC}") = "TulisanBerjalan", "TulisanBerjalan\TulisanBerjalan.csproj", "{39300E8C-6A03-4A95-963C-B92EB35238A1}"
EndProject
Global
	GlobalSection(SolutionConfigurationPlatforms) = preSolution
		Debug|Any CPU = Debug|Any CPU
		Release|Any CPU = Release|Any CPU
	EndGlobalSection
	GlobalSection(ProjectConfigurationPlatforms) = postSolution
		{39300E8C-6A03-4A95-963C-B92EB35238A1}.Debug|Any CPU.ActiveCfg = Debug|Any CPU
		{39300E8C-6A03-4A95-963C-B92EB35238A1}.Debug|Any CPU.Build.0 = Debug|Any CPU
		{39300E8C-6A03-4A95-963C-B92EB35238A1}.Release|Any CPU.ActiveCfg = Release|Any CPU
		{39300E8C-6A03-4A95-963C-B92EB35238A1}.Release|Any CPU.Build.0 = Release|Any CPU
	EndGlobalSection
	GlobalSection(SolutionProperties) = preSolution
		HideSolutionNode = FALSE
	EndGlobalSection
	GlobalSection(ExtensibilityGlobals) = postSolution
		SolutionGuid = {A2697328-DB0D-45E9-8604-361C7C61A40B}
	EndGlobalSection
EndGlobal
